
Microsoft Visual Studio Solution File, Format Version 12.00
# Visual Studio 15
VisualStudioVersion = 15.0.27703.2026
MinimumVisualStudioVersion = 10.0.40219.1
Project("{FAE04EC0-301F-11D3-BF4B-00C04F79EFBC}") = "JwtAuthSample", "JwtAuthSample\JwtAuthSample.csproj", "{C640CD82-81BC-40AB-AD54-9E346BA6770E}"
EndProject
Global
	GlobalSection(SolutionConfigurationPlatforms) = preSolution
		Debug|Any CPU = Debug|Any CPU
		Release|Any CPU = Release|Any CPU
	EndGlobalSection
	GlobalSection(ProjectConfigurationPlatforms) = postSolution
		{C640CD82-81BC-40AB-AD54-9E346BA6770E}.Debug|Any CPU.ActiveCfg = Debug|Any CPU
		{C640CD82-81BC-40AB-AD54-9E346BA6770E}.Debug|Any CPU.Build.0 = Debug|Any CPU
		{C640CD82-81BC-40AB-AD54-9E346BA6770E}.Release|Any CPU.ActiveCfg = Release|Any CPU
		{C640CD82-81BC-40AB-AD54-9E346BA6770E}.Release|Any CPU.Build.0 = Release|Any CPU
	EndGlobalSection
	GlobalSection(SolutionProperties) = preSolution
		HideSolutionNode = FALSE
	EndGlobalSection
	GlobalSection(ExtensibilityGlobals) = postSolution
		SolutionGuid = {AAB6520B-A723-4D1C-BBA7-DB7F8E0545B0}
	EndGlobalSection
EndGlobal
